
Microsoft Visual Studio Solution File, Format Version 12.00
# Visual Studio Version 16
VisualStudioVersion = 16.0.29911.84
MinimumVisualStudioVersion = 10.0.40219.1
Project("{FAE04EC0-301F-11D3-BF4B-00C04F79EFBC}") = "P1", "P1.csproj", "{83F003A2-616A-4370-BF30-8E9669243664}"
EndProject
Global
	GlobalSection(SolutionConfigurationPlatforms) = preSolution
		Debug|Any CPU = Debug|Any CPU
		Release|Any CPU = Release|Any CPU
	EndGlobalSection
	GlobalSection(ProjectConfigurationPlatforms) = postSolution
		{83F003A2-616A-4370-BF30-8E9669243664}.Debug|Any CPU.ActiveCfg = Debug|Any CPU
		{83F003A2-616A-4370-BF30-8E9669243664}.Debug|Any CPU.Build.0 = Debug|Any CPU
		{83F003A2-616A-4370-BF30-8E9669243664}.Release|Any CPU.ActiveCfg = Release|Any CPU
		{83F003A2-616A-4370-BF30-8E9669243664}.Release|Any CPU.Build.0 = Release|Any CPU
	EndGlobalSection
	GlobalSection(SolutionProperties) = preSolution
		HideSolutionNode = FALSE
	EndGlobalSection
	GlobalSection(ExtensibilityGlobals) = postSolution
		SolutionGuid = {FE4DFE39-7857-4C7A-8E71-3D7A5FF47BC3}
	EndGlobalSection
EndGlobal
